github.com/Tnze/go-mc v1.20.2 h1:arHCE/WxLCxY73C/4ZNLdOymRYtdwoXE05ohB7HVN6Q=
github.com/Tnze/go-mc v1.20.2/go.mod h1:geoRj2HsXSkB3FJBuhr7wCzXegRlzWsVXd7h7jiJ6aQ=
github.com/google/uuid v1.3.0 h1:t6JiXgmwXMjEs8VusXIJk2BXHsn+wx8BZdTaoZ5fu7I=
github.com/google/uuid v1.3.0/go.mod h1:TIyPZe4MgqvfeYDBFedMoGGpEw/LqOeaOT+nhxU+yHo=
github.com/muesli/cache2go v0.0.0-20221011235721-518229cd8021 h1:31Y+Yu373ymebRdJN1cWLLooHH8xAr0MhKTEJGV/87g=
github.com/muesli/cache2go v0.0.0-20221011235721-518229cd8021/go.mod h1:WERUkUryfUWlrHnFSO/BEUZ+7Ns8aZy7iVOGewxKzcc=
